
Microsoft Visual Studio Solution File, Format Version 12.00
# Visual Studio Version 17
VisualStudioVersion = 17.8.34330.188
MinimumVisualStudioVersion = 10.0.40219.1
Project("{8BC9CEB8-8B4A-11D0-8D11-00A0C91BC942}") = "BT FileResolver", "BT FileResolver\BT FileResolver.vcxproj", "{ABC66B2F-3B05-44C6-84F3-9392A5632605}"
EndProject
Global
	GlobalSection(SolutionConfigurationPlatforms) = preSolution
		Debug|ARM64 = Debug|ARM64
		Debug|x64 = Debug|x64
		Release|ARM64 = Release|ARM64
		Release|x64 = Release|x64
	EndGlobalSection
	GlobalSection(ProjectConfigurationPlatforms) = postSolution
		{ABC66B2F-3B05-44C6-84F3-9392A5632605}.Debug|ARM64.ActiveCfg = Debug|ARM64
		{ABC66B2F-3B05-44C6-84F3-9392A5632605}.Debug|ARM64.Build.0 = Debug|ARM64
		{ABC66B2F-3B05-44C6-84F3-9392A5632605}.Debug|x64.ActiveCfg = Debug|x64
		{ABC66B2F-3B05-44C6-84F3-9392A5632605}.Debug|x64.Build.0 = Debug|x64
		{ABC66B2F-3B05-44C6-84F3-9392A5632605}.Release|ARM64.ActiveCfg = Release|ARM64
		{ABC66B2F-3B05-44C6-84F3-9392A5632605}.Release|ARM64.Build.0 = Release|ARM64
		{ABC66B2F-3B05-44C6-84F3-9392A5632605}.Release|x64.ActiveCfg = Release|x64
		{ABC66B2F-3B05-44C6-84F3-9392A5632605}.Release|x64.Build.0 = Release|x64
	EndGlobalSection
	GlobalSection(SolutionProperties) = preSolution
		HideSolutionNode = FALSE
	EndGlobalSection
	GlobalSection(ExtensibilityGlobals) = postSolution
		SolutionGuid = {F5F1E94F-57D0-4C79-A447-4175D8867D23}
	EndGlobalSection
EndGlobal
